
Microsoft Visual Studio Solution File, Format Version 12.00
# Visual Studio Version 17
VisualStudioVersion = 17.7.34221.43
MinimumVisualStudioVersion = 10.0.40219.1
Project("{8BC9CEB8-8B4A-11D0-8D11-00A0C91BC942}") = "lab_6", "lab_6\lab_6.vcxproj", "{3F23AD72-B56A-48B1-8E8A-54BE588EE35D}"
EndProject
Global
	GlobalSection(SolutionConfigurationPlatforms) = preSolution
		Debug|x64 = Debug|x64
		Debug|x86 = Debug|x86
		Release|x64 = Release|x64
		Release|x86 = Release|x86
	EndGlobalSection
	GlobalSection(ProjectConfigurationPlatforms) = postSolution
		{3F23AD72-B56A-48B1-8E8A-54BE588EE35D}.Debug|x64.ActiveCfg = Debug|x64
		{3F23AD72-B56A-48B1-8E8A-54BE588EE35D}.Debug|x64.Build.0 = Debug|x64
		{3F23AD72-B56A-48B1-8E8A-54BE588EE35D}.Debug|x86.ActiveCfg = Debug|Win32
		{3F23AD72-B56A-48B1-8E8A-54BE588EE35D}.Debug|x86.Build.0 = Debug|Win32
		{3F23AD72-B56A-48B1-8E8A-54BE588EE35D}.Release|x64.ActiveCfg = Release|x64
		{3F23AD72-B56A-48B1-8E8A-54BE588EE35D}.Release|x64.Build.0 = Release|x64
		{3F23AD72-B56A-48B1-8E8A-54BE588EE35D}.Release|x86.ActiveCfg = Release|Win32
		{3F23AD72-B56A-48B1-8E8A-54BE588EE35D}.Release|x86.Build.0 = Release|Win32
	EndGlobalSection
	GlobalSection(SolutionProperties) = preSolution
		HideSolutionNode = FALSE
	EndGlobalSection
	GlobalSection(ExtensibilityGlobals) = postSolution
		SolutionGuid = {7FD5B3E4-526E-4925-9E71-E1B1214C1EF8}
	EndGlobalSection
EndGlobal
